
Microsoft Visual Studio Solution File, Format Version 12.00
Project("{FAE04EC0-301F-11D3-BF4B-00C04F79EFBC}") = "IS220_WebApplication", "IS220_WebApplication.csproj", "{AF1A7826-00CE-4884-99D4-D667D8764AD0}"
EndProject
Global
	GlobalSection(SolutionConfigurationPlatforms) = preSolution
		Debug|Any CPU = Debug|Any CPU
		Release|Any CPU = Release|Any CPU
	EndGlobalSection
	GlobalSection(ProjectConfigurationPlatforms) = postSolution
		{AF1A7826-00CE-4884-99D4-D667D8764AD0}.Debug|Any CPU.ActiveCfg = Debug|Any CPU
		{AF1A7826-00CE-4884-99D4-D667D8764AD0}.Debug|Any CPU.Build.0 = Debug|Any CPU
		{AF1A7826-00CE-4884-99D4-D667D8764AD0}.Release|Any CPU.ActiveCfg = Release|Any CPU
		{AF1A7826-00CE-4884-99D4-D667D8764AD0}.Release|Any CPU.Build.0 = Release|Any CPU
	EndGlobalSection
EndGlobal
